// !$*UTF8*$!
{
	archiveVersion = 1;
	classes = {
	};
	objectVersion = 50;
	objects = {

/* Begin PBXBuildFile section */
		7428C22A706C375D985F2806 /* Pods_RetirementCalculator.framework in Frameworks */ = {isa = PBXBuildFile; fileRef = C2955AB355AB6172D06B7C20 /* Pods_RetirementCalculator.framework */; };
		86ABE8B42558505D00F127B2 /* AppDelegate.swift in Sources */ = {isa = PBXBuildFile; fileRef = 86ABE8B32558505D00F127B2 /* AppDelegate.swift */; };
		86ABE8B62558505E00F127B2 /* SceneDelegate.swift in Sources */ = {isa = PBXBuildFile; fileRef = 86ABE8B52558505E00F127B2 /* SceneDelegate.swift */; };
		86ABE8B82558505E00F127B2 /* ViewController.swift in Sources */ = {isa = PBXBuildFile; fileRef = 86ABE8B72558505E00F127B2 /* ViewController.swift */; };
		86ABE8BB2558505E00F127B2 /* Main.storyboard in Resources */ = {isa = PBXBuildFile; fileRef = 86ABE8B92558505E00F127B2 /* Main.storyboard */; };
		86ABE8BD2558506100F127B2 /* Assets.xcassets in Resources */ = {isa = PBXBuildFile; fileRef = 86ABE8BC2558506100F127B2 /* Assets.xcassets */; };
		86ABE8C02558506100F127B2 /* LaunchScreen.storyboard in Resources */ = {isa = PBXBuildFile; fileRef = 86ABE8BE2558506100F127B2 /* LaunchScreen.storyboard */; };
		86ABE8CB2558506100F127B2 /* RetirementCalculatorTests.swift in Sources */ = {isa = PBXBuildFile; fileRef = 86ABE8CA2558506100F127B2 /* RetirementCalculatorTests.swift */; };
		86ABE8D62558506100F127B2 /* RetirementCalculatorUITests.swift in Sources */ = {isa = PBXBuildFile; fileRef = 86ABE8D52558506100F127B2 /* RetirementCalculatorUITests.swift */; };
		B65279C8D61E006D7FDDEC05 /* Pods_RetirementCalculator_RetirementCalculatorUITests.framework in Frameworks */ = {isa = PBXBuildFile; fileRef = ED5B3B2591C8608027887C17 /* Pods_RetirementCalculator_RetirementCalculatorUITests.framework */; };
		F9506C7CF7D27E85615437E6 /* Pods_RetirementCalculatorTests.framework in Frameworks */ = {isa = PBXBuildFile; fileRef = AAF80D1CB9CCE43A6DB6B74B /* Pods_RetirementCalculatorTests.framework */; };
/* End PBXBuildFile section */

/* Begin PBXContainerItemProxy section */
		86ABE8C72558506100F127B2 /* PBXContainerItemProxy */ = {
			isa = PBXContainerItemProxy;
			containerPortal = 86ABE8A82558505D00F127B2 /* Project object */;
			proxyType = 1;
			remoteGlobalIDString = 86ABE8AF2558505D00F127B2;
			remoteInfo = RetirementCalculator;
		};
		86ABE8D22558506100F127B2 /* PBXContainerItemProxy */ = {
			isa = PBXContainerItemProxy;
			containerPortal = 86ABE8A82558505D00F127B2 /* Project object */;
			proxyType = 1;
			remoteGlobalIDString = 86ABE8AF2558505D00F127B2;
			remoteInfo = RetirementCalculator;
		};
/* End PBXContainerItemProxy section */

/* Begin PBXFileReference section */
		359A3474E30B963980670DB1 /* Pods-RetirementCalculator-RetirementCalculatorUITests.debug.xcconfig */ = {isa = PBXFileReference; includeInIndex = 1; lastKnownFileType = text.xcconfig; name = "Pods-RetirementCalculator-RetirementCalculatorUITests.debug.xcconfig"; path = "Target Support Files/Pods-RetirementCalculator-RetirementCalculatorUITests/Pods-RetirementCalculator-RetirementCalculatorUITests.debug.xcconfig"; sourceTree = "<group>"; };
		4A1DE2B50022189DC6F461B9 /* Pods-RetirementCalculatorTests.release.xcconfig */ = {isa = PBXFileReference; includeInIndex = 1; lastKnownFileType = text.xcconfig; name = "Pods-RetirementCalculatorTests.release.xcconfig"; path = "Target Support Files/Pods-RetirementCalculatorTests/Pods-RetirementCalculatorTests.release.xcconfig"; sourceTree = "<group>"; };
		7E83B59AC3B14E3FFD3395D0 /* Pods-RetirementCalculatorTests.debug.xcconfig */ = {isa = PBXFileReference; includeInIndex = 1; lastKnownFileType = text.xcconfig; name = "Pods-RetirementCalculatorTests.debug.xcconfig"; path = "Target Support Files/Pods-RetirementCalculatorTests/Pods-RetirementCalculatorTests.debug.xcconfig"; sourceTree = "<group>"; };
		86ABE8B02558505D00F127B2 /* RetirementCalculator.app */ = {isa = PBXFileReference; explicitFileType = wrapper.application; includeInIndex = 0; path = RetirementCalculator.app; sourceTree = BUILT_PRODUCTS_DIR; };
		86ABE8B32558505D00F127B2 /* AppDelegate.swift */ = {isa = PBXFileReference; lastKnownFileType = sourcecode.swift; path = AppDelegate.swift; sourceTree = "<group>"; };
		86ABE8B52558505E00F127B2 /* SceneDelegate.swift */ = {isa = PBXFileReference; lastKnownFileType = sourcecode.swift; path = SceneDelegate.swift; sourceTree = "<group>"; };
		86ABE8B72558505E00F127B2 /* ViewController.swift */ = {isa = PBXFileReference; lastKnownFileType = sourcecode.swift; path = ViewController.swift; sourceTree = "<group>"; };
		86ABE8BA2558505E00F127B2 /* Base */ = {isa = PBXFileReference; lastKnownFileType = file.storyboard; name = Base; path = Base.lproj/Main.storyboard; sourceTree = "<group>"; };
		86ABE8BC2558506100F127B2 /* Assets.xcassets */ = {isa = PBXFileReference; lastKnownFileType = folder.assetcatalog; path = Assets.xcassets; sourceTree = "<group>"; };
		86ABE8BF2558506100F127B2 /* Base */ = {isa = PBXFileReference; lastKnownFileType = file.storyboard; name = Base; path = Base.lproj/LaunchScreen.storyboard; sourceTree = "<group>"; };
		86ABE8C12558506100F127B2 /* Info.plist */ = {isa = PBXFileReference; lastKnownFileType = text.plist.xml; path = Info.plist; sourceTree = "<group>"; };
		86ABE8C62558506100F127B2 /* RetirementCalculatorTests.xctest */ = {isa = PBXFileReference; explicitFileType = wrapper.cfbundle; includeInIndex = 0; path = RetirementCalculatorTests.xctest; sourceTree = BUILT_PRODUCTS_DIR; };
		86ABE8CA2558506100F127B2 /* RetirementCalculatorTests.swift */ = {isa = PBXFileReference; lastKnownFileType = sourcecode.swift; path = RetirementCalculatorTests.swift; sourceTree = "<group>"; };
		86ABE8CC2558506100F127B2 /* Info.plist */ = {isa = PBXFileReference; lastKnownFileType = text.plist.xml; path = Info.plist; sourceTree = "<group>"; };
		86ABE8D12558506100F127B2 /* RetirementCalculatorUITests.xctest */ = {isa = PBXFileReference; explicitFileType = wrapper.cfbundle; includeInIndex = 0; path = RetirementCalculatorUITests.xctest; sourceTree = BUILT_PRODUCTS_DIR; };
		86ABE8D52558506100F127B2 /* RetirementCalculatorUITests.swift */ = {isa = PBXFileReference; lastKnownFileType = sourcecode.swift; path = RetirementCalculatorUITests.swift; sourceTree = "<group>"; };
		86ABE8D72558506100F127B2 /* Info.plist */ = {isa = PBXFileReference; lastKnownFileType = text.plist.xml; path = Info.plist; sourceTree = "<group>"; };
		8D631D7D5A829164C6416ED2 /* Pods-RetirementCalculator.release.xcconfig */ = {isa = PBXFileReference; includeInIndex = 1; lastKnownFileType = text.xcconfig; name = "Pods-RetirementCalculator.release.xcconfig"; path = "Target Support Files/Pods-RetirementCalculator/Pods-RetirementCalculator.release.xcconfig"; sourceTree = "<group>"; };
		AAF80D1CB9CCE43A6DB6B74B /* Pods_RetirementCalculatorTests.framework */ = {isa = PBXFileReference; explicitFileType = wrapper.framework; includeInIndex = 0; path = Pods_RetirementCalculatorTests.framework; sourceTree = BUILT_PRODUCTS_DIR; };
		C2955AB355AB6172D06B7C20 /* Pods_RetirementCalculator.framework */ = {isa = PBXFileReference; explicitFileType = wrapper.framework; includeInIndex = 0; path = Pods_RetirementCalculator.framework; sourceTree = BUILT_PRODUCTS_DIR; };
		DEC28A5760D765810909E15A /* Pods-RetirementCalculator.debug.xcconfig */ = {isa = PBXFileReference; includeInIndex = 1; lastKnownFileType = text.xcconfig; name = "Pods-RetirementCalculator.debug.xcconfig"; path = "Target Support Files/Pods-RetirementCalculator/Pods-RetirementCalculator.debug.xcconfig"; sourceTree = "<group>"; };
		E313F50163088BF6E1A49E30 /* Pods-RetirementCalculator-RetirementCalculatorUITests.release.xcconfig */ = {isa = PBXFileReference; includeInIndex = 1; lastKnownFileType = text.xcconfig; name = "Pods-RetirementCalculator-RetirementCalculatorUITests.release.xcconfig"; path = "Target Support Files/Pods-RetirementCalculator-RetirementCalculatorUITests/Pods-RetirementCalculator-RetirementCalculatorUITests.release.xcconfig"; sourceTree = "<group>"; };
		ED5B3B2591C8608027887C17 /* Pods_RetirementCalculator_RetirementCalculatorUITests.framework */ = {isa = PBXFileReference; explicitFileType = wrapper.framework; includeInIndex = 0; path = Pods_RetirementCalculator_RetirementCalculatorUITests.framework; sourceTree = BUILT_PRODUCTS_DIR; };
/* End PBXFileReference section */

/* Begin PBXFrameworksBuildPhase section */
		86ABE8AD2558505D00F127B2 /* Frameworks */ = {
			isa = PBXFrameworksBuildPhase;
			buildActionMask = 2147483647;
			files = (
				7428C22A706C375D985F2806 /* Pods_RetirementCalculator.framework in Frameworks */,
			);
			runOnlyForDeploymentPostprocessing = 0;
		};
		86ABE8C32558506100F127B2 /* Frameworks */ = {
			isa = PBXFrameworksBuildPhase;
			buildActionMask = 2147483647;
			files = (
				F9506C7CF7D27E85615437E6 /* Pods_RetirementCalculatorTests.framework in Frameworks */,
			);
			runOnlyForDeploymentPostprocessing = 0;
		};
		86ABE8CE2558506100F127B2 /* Frameworks */ = {
			isa = PBXFrameworksBuildPhase;
			buildActionMask = 2147483647;
			files = (
				B65279C8D61E006D7FDDEC05 /* Pods_RetirementCalculator_RetirementCalculatorUITests.framework in Frameworks */,
			);
			runOnlyForDeploymentPostprocessing = 0;
		};
/* End PBXFrameworksBuildPhase section */

/* Begin PBXGroup section */
		147F35D5D9FB9045E0356347 /* Frameworks */ = {
			isa = PBXGroup;
			children = (
				C2955AB355AB6172D06B7C20 /* Pods_RetirementCalculator.framework */,
				ED5B3B2591C8608027887C17 /* Pods_RetirementCalculator_RetirementCalculatorUITests.framework */,
				AAF80D1CB9CCE43A6DB6B74B /* Pods_RetirementCalculatorTests.framework */,
			);
			name = Frameworks;
			sourceTree = "<group>";
		};
		8324ECD7DFC81EA6AF26BE20 /* Pods */ = {
			isa = PBXGroup;
			children = (
				DEC28A5760D765810909E15A /* Pods-RetirementCalculator.debug.xcconfig */,
				8D631D7D5A829164C6416ED2 /* Pods-RetirementCalculator.release.xcconfig */,
				359A3474E30B963980670DB1 /* Pods-RetirementCalculator-RetirementCalculatorUITests.debug.xcconfig */,
				E313F50163088BF6E1A49E30 /* Pods-RetirementCalculator-RetirementCalculatorUITests.release.xcconfig */,
				7E83B59AC3B14E3FFD3395D0 /* Pods-RetirementCalculatorTests.debug.xcconfig */,
				4A1DE2B50022189DC6F461B9 /* Pods-RetirementCalculatorTests.release.xcconfig */,
			);
			name = Pods;
			path = Pods;
			sourceTree = "<group>";
		};
		86ABE8A72558505D00F127B2 = {
			isa = PBXGroup;
			children = (
				86ABE8B22558505D00F127B2 /* RetirementCalculator */,
				86ABE8C92558506100F127B2 /* RetirementCalculatorTests */,
				86ABE8D42558506100F127B2 /* RetirementCalculatorUITests */,
				86ABE8B12558505D00F127B2 /* Products */,
				8324ECD7DFC81EA6AF26BE20 /* Pods */,
				147F35D5D9FB9045E0356347 /* Frameworks */,
			);
			sourceTree = "<group>";
		};
		86ABE8B12558505D00F127B2 /* Products */ = {
			isa = PBXGroup;
			children = (
				86ABE8B02558505D00F127B2 /* RetirementCalculator.app */,
				86ABE8C62558506100F127B2 /* RetirementCalculatorTests.xctest */,
				86ABE8D12558506100F127B2 /* RetirementCalculatorUITests.xctest */,
			);
			name = Products;
			sourceTree = "<group>";
		};
		86ABE8B22558505D00F127B2 /* RetirementCalculator */ = {
			isa = PBXGroup;
			children = (
				86ABE8B32558505D00F127B2 /* AppDelegate.swift */,
				86ABE8B52558505E00F127B2 /* SceneDelegate.swift */,
				86ABE8B72558505E00F127B2 /* ViewController.swift */,
				86ABE8B92558505E00F127B2 /* Main.storyboard */,
				86ABE8BC2558506100F127B2 /* Assets.xcassets */,
				86ABE8BE2558506100F127B2 /* LaunchScreen.storyboard */,
				86ABE8C12558506100F127B2 /* Info.plist */,
			);
			path = RetirementCalculator;
			sourceTree = "<group>";
		};
		86ABE8C92558506100F127B2 /* RetirementCalculatorTests */ = {
			isa = PBXGroup;
			children = (
				86ABE8CA2558506100F127B2 /* RetirementCalculatorTests.swift */,
				86ABE8CC2558506100F127B2 /* Info.plist */,
			);
			path = RetirementCalculatorTests;
			sourceTree = "<group>";
		};
		86ABE8D42558506100F127B2 /* RetirementCalculatorUITests */ = {
			isa = PBXGroup;
			children = (
				86ABE8D52558506100F127B2 /* RetirementCalculatorUITests.swift */,
				86ABE8D72558506100F127B2 /* Info.plist */,
			);
			path = RetirementCalculatorUITests;
			sourceTree = "<group>";
		};
/* End PBXGroup section */

/* Begin PBXNativeTarget section */
		86ABE8AF2558505D00F127B2 /* RetirementCalculator */ = {
			isa = PBXNativeTarget;
			buildConfigurationList = 86ABE8DA2558506100F127B2 /* Build configuration list for PBXNativeTarget "RetirementCalculator" */;
			buildPhases = (
				0D873CFC9C9F647C2E0C7AB9 /* [CP] Check Pods Manifest.lock */,
				86ABE8AC2558505D00F127B2 /* Sources */,
				86ABE8AD2558505D00F127B2 /* Frameworks */,
				86ABE8AE2558505D00F127B2 /* Resources */,
			);
			buildRules = (
			);
			dependencies = (
			);
			name = RetirementCalculator;
			productName = RetirementCalculator;
			productReference = 86ABE8B02558505D00F127B2 /* RetirementCalculator.app */;
			productType = "com.apple.product-type.application";
		};
		86ABE8C52558506100F127B2 /* RetirementCalculatorTests */ = {
			isa = PBXNativeTarget;
			buildConfigurationList = 86ABE8DD2558506100F127B2 /* Build configuration list for PBXNativeTarget "RetirementCalculatorTests" */;
			buildPhases = (
				19B00746DBB7378EAE24DAA3 /* [CP] Check Pods Manifest.lock */,
				86ABE8C22558506100F127B2 /* Sources */,
				86ABE8C32558506100F127B2 /* Frameworks */,
				86ABE8C42558506100F127B2 /* Resources */,
			);
			buildRules = (
			);
			dependencies = (
				86ABE8C82558506100F127B2 /* PBXTargetDependency */,
			);
			name = RetirementCalculatorTests;
			productName = RetirementCalculatorTests;
			productReference = 86ABE8C62558506100F127B2 /* RetirementCalculatorTests.xctest */;
			productType = "com.apple.product-type.bundle.unit-test";
		};
		86ABE8D02558506100F127B2 /* RetirementCalculatorUITests */ = {
			isa = PBXNativeTarget;
			buildConfigurationList = 86ABE8E02558506100F127B2 /* Build configuration list for PBXNativeTarget "RetirementCalculatorUITests" */;
			buildPhases = (
				4E9F1BE075E67AA1D3C59EAC /* [CP] Check Pods Manifest.lock */,
				86ABE8CD2558506100F127B2 /* Sources */,
				86ABE8CE2558506100F127B2 /* Frameworks */,
				86ABE8CF2558506100F127B2 /* Resources */,
			);
			buildRules = (
			);
			dependencies = (
				86ABE8D32558506100F127B2 /* PBXTargetDependency */,
			);
			name = RetirementCalculatorUITests;
			productName = RetirementCalculatorUITests;
			productReference = 86ABE8D12558506100F127B2 /* RetirementCalculatorUITests.xctest */;
			productType = "com.apple.product-type.bundle.ui-testing";
		};
/* End PBXNativeTarget section */

/* Begin PBXProject section */
		86ABE8A82558505D00F127B2 /* Project object */ = {
			isa = PBXProject;
			attributes = {
				LastSwiftUpdateCheck = 1130;
				LastUpgradeCheck = 1130;
				ORGANIZATIONNAME = IBM;
				TargetAttributes = {
					86ABE8AF2558505D00F127B2 = {
						CreatedOnToolsVersion = 11.3.1;
					};
					86ABE8C52558506100F127B2 = {
						CreatedOnToolsVersion = 11.3.1;
						TestTargetID = 86ABE8AF2558505D00F127B2;
					};
					86ABE8D02558506100F127B2 = {
						CreatedOnToolsVersion = 11.3.1;
						TestTargetID = 86ABE8AF2558505D00F127B2;
					};
				};
			};
			buildConfigurationList = 86ABE8AB2558505D00F127B2 /* Build configuration list for PBXProject "RetirementCalculator" */;
			compatibilityVersion = "Xcode 9.3";
			developmentRegion = en;
			hasScannedForEncodings = 0;
			knownRegions = (
				en,
				Base,
			);
			mainGroup = 86ABE8A72558505D00F127B2;
			productRefGroup = 86ABE8B12558505D00F127B2 /* Products */;
			projectDirPath = "";
			projectRoot = "";
			targets = (
				86ABE8AF2558505D00F127B2 /* RetirementCalculator */,
				86ABE8C52558506100F127B2 /* RetirementCalculatorTests */,
				86ABE8D02558506100F127B2 /* RetirementCalculatorUITests */,
			);
		};
/* End PBXProject section */

/* Begin PBXResourcesBuildPhase section */
		86ABE8AE2558505D00F127B2 /* Resources */ = {
			isa = PBXResourcesBuildPhase;
			buildActionMask = 2147483647;
			files = (
				86ABE8C02558506100F127B2 /* LaunchScreen.storyboard in Resources */,
				86ABE8BD2558506100F127B2 /* Assets.xcassets in Resources */,
				86ABE8BB2558505E00F127B2 /* Main.storyboard in Resources */,
			);
			runOnlyForDeploymentPostprocessing = 0;
		};
		86ABE8C42558506100F127B2 /* Resources */ = {
			isa = PBXResourcesBuildPhase;
			buildActionMask = 2147483647;
			files = (
			);
			runOnlyForDeploymentPostprocessing = 0;
		};
		86ABE8CF2558506100F127B2 /* Resources */ = {
			isa = PBXResourcesBuildPhase;
			buildActionMask = 2147483647;
			files = (
			);
			runOnlyForDeploymentPostprocessing = 0;
		};
/* End PBXResourcesBuildPhase section */

/* Begin PBXShellScriptBuildPhase section */
		0D873CFC9C9F647C2E0C7AB9 /* [CP] Check Pods Manifest.lock */ = {
			isa = PBXShellScriptBuildPhase;
			buildActionMask = 2147483647;
			files = (
			);
			inputFileListPaths = (
			);
			inputPaths = (
				"${PODS_PODFILE_DIR_PATH}/Podfile.lock",
				"${PODS_ROOT}/Manifest.lock",
			);
			name = "[CP] Check Pods Manifest.lock";
			outputFileListPaths = (
			);
			outputPaths = (
				"$(DERIVED_FILE_DIR)/Pods-RetirementCalculator-checkManifestLockResult.txt",
			);
			runOnlyForDeploymentPostprocessing = 0;
			shellPath = /bin/sh;
			shellScript = "diff \"${PODS_PODFILE_DIR_PATH}/Podfile.lock\" \"${PODS_ROOT}/Manifest.lock\" > /dev/null\nif [ $? != 0 ] ; then\n    # print error to STDERR\n    echo \"error: The sandbox is not in sync with the Podfile.lock. Run 'pod install' or update your CocoaPods installation.\" >&2\n    exit 1\nfi\n# This output is used by Xcode 'outputs' to avoid re-running this script phase.\necho \"SUCCESS\" > \"${SCRIPT_OUTPUT_FILE_0}\"\n";
			showEnvVarsInLog = 0;
		};
		19B00746DBB7378EAE24DAA3 /* [CP] Check Pods Manifest.lock */ = {
			isa = PBXShellScriptBuildPhase;
			buildActionMask = 2147483647;
			files = (
			);
			inputFileListPaths = (
			);
			inputPaths = (
				"${PODS_PODFILE_DIR_PATH}/Podfile.lock",
				"${PODS_ROOT}/Manifest.lock",
			);
			name = "[CP] Check Pods Manifest.lock";
			outputFileListPaths = (
			);
			outputPaths = (
				"$(DERIVED_FILE_DIR)/Pods-RetirementCalculatorTests-checkManifestLockResult.txt",
			);
			runOnlyForDeploymentPostprocessing = 0;
			shellPath = /bin/sh;
			shellScript = "diff \"${PODS_PODFILE_DIR_PATH}/Podfile.lock\" \"${PODS_ROOT}/Manifest.lock\" > /dev/null\nif [ $? != 0 ] ; then\n    # print error to STDERR\n    echo \"error: The sandbox is not in sync with the Podfile.lock. Run 'pod install' or update your CocoaPods installation.\" >&2\n    exit 1\nfi\n# This output is used by Xcode 'outputs' to avoid re-running this script phase.\necho \"SUCCESS\" > \"${SCRIPT_OUTPUT_FILE_0}\"\n";
			showEnvVarsInLog = 0;
		};
		4E9F1BE075E67AA1D3C59EAC /* [CP] Check Pods Manifest.lock */ = {
			isa = PBXShellScriptBuildPhase;
			buildActionMask = 2147483647;
			files = (
			);
			inputFileListPaths = (
			);
			inputPaths = (
				"${PODS_PODFILE_DIR_PATH}/Podfile.lock",
				"${PODS_ROOT}/Manifest.lock",
			);
			name = "[CP] Check Pods Manifest.lock";
			outputFileListPaths = (
			);
			outputPaths = (
				"$(DERIVED_FILE_DIR)/Pods-RetirementCalculator-RetirementCalculatorUITests-checkManifestLockResult.txt",
			);
			runOnlyForDeploymentPostprocessing = 0;
			shellPath = /bin/sh;
			shellScript = "diff \"${PODS_PODFILE_DIR_PATH}/Podfile.lock\" \"${PODS_ROOT}/Manifest.lock\" > /dev/null\nif [ $? != 0 ] ; then\n    # print error to STDERR\n    echo \"error: The sandbox is not in sync with the Podfile.lock. Run 'pod install' or update your CocoaPods installation.\" >&2\n    exit 1\nfi\n# This output is used by Xcode 'outputs' to avoid re-running this script phase.\necho \"SUCCESS\" > \"${SCRIPT_OUTPUT_FILE_0}\"\n";
			showEnvVarsInLog = 0;
		};
/* End PBXShellScriptBuildPhase section */

/* Begin PBXSourcesBuildPhase section */
		86ABE8AC2558505D00F127B2 /* Sources */ = {
			isa = PBXSourcesBuildPhase;
			buildActionMask = 2147483647;
			files = (
				86ABE8B82558505E00F127B2 /* ViewController.swift in Sources */,
				86ABE8B42558505D00F127B2 /* AppDelegate.swift in Sources */,
				86ABE8B62558505E00F127B2 /* SceneDelegate.swift in Sources */,
			);
			runOnlyForDeploymentPostprocessing = 0;
		};
		86ABE8C22558506100F127B2 /* Sources */ = {
			isa = PBXSourcesBuildPhase;
			buildActionMask = 2147483647;
			files = (
				86ABE8CB2558506100F127B2 /* RetirementCalculatorTests.swift in Sources */,
			);
			runOnlyForDeploymentPostprocessing = 0;
		};
		86ABE8CD2558506100F127B2 /* Sources */ = {
			isa = PBXSourcesBuildPhase;
			buildActionMask = 2147483647;
			files = (
				86ABE8D62558506100F127B2 /* RetirementCalculatorUITests.swift in Sources */,
			);
			runOnlyForDeploymentPostprocessing = 0;
		};
/* End PBXSourcesBuildPhase section */

/* Begin PBXTargetDependency section */
		86ABE8C82558506100F127B2 /* PBXTargetDependency */ = {
			isa = PBXTargetDependency;
			target = 86ABE8AF2558505D00F127B2 /* RetirementCalculator */;
			targetProxy = 86ABE8C72558506100F127B2 /* PBXContainerItemProxy */;
		};
		86ABE8D32558506100F127B2 /* PBXTargetDependency */ = {
			isa = PBXTargetDependency;
			target = 86ABE8AF2558505D00F127B2 /* RetirementCalculator */;
			targetProxy = 86ABE8D22558506100F127B2 /* PBXContainerItemProxy */;
		};
/* End PBXTargetDependency section */

/* Begin PBXVariantGroup section */
		86ABE8B92558505E00F127B2 /* Main.storyboard */ = {
			isa = PBXVariantGroup;
			children = (
				86ABE8BA2558505E00F127B2 /* Base */,
			);
			name = Main.storyboard;
			sourceTree = "<group>";
		};
		86ABE8BE2558506100F127B2 /* LaunchScreen.storyboard */ = {
			isa = PBXVariantGroup;
			children = (
				86ABE8BF2558506100F127B2 /* Base */,
			);
			name = LaunchScreen.storyboard;
			sourceTree = "<group>";
		};
/* End PBXVariantGroup section */

/* Begin XCBuildConfiguration section */
		86ABE8D82558506100F127B2 /* Debug */ = {
			isa = XCBuildConfiguration;
			buildSettings = {
				ALWAYS_SEARCH_USER_PATHS = NO;
				CLANG_ANALYZER_NONNULL = YES;
				CLANG_ANALYZER_NUMBER_OBJECT_CONVERSION = YES_AGGRESSIVE;
				CLANG_CXX_LANGUAGE_STANDARD = "gnu++14";
				CLANG_CXX_LIBRARY = "libc++";
				CLANG_ENABLE_MODULES = YES;
				CLANG_ENABLE_OBJC_ARC = YES;
				CLANG_ENABLE_OBJC_WEAK = YES;
				CLANG_WARN_BLOCK_CAPTURE_AUTORELEASING = YES;
				CLANG_WARN_BOOL_CONVERSION = YES;
				CLANG_WARN_COMMA = YES;
				CLANG_WARN_CONSTANT_CONVERSION = YES;
				CLANG_WARN_DEPRECATED_OBJC_IMPLEMENTATIONS = YES;
				CLANG_WARN_DIRECT_OBJC_ISA_USAGE = YES_ERROR;
				CLANG_WARN_DOCUMENTATION_COMMENTS = YES;
				CLANG_WARN_EMPTY_BODY = YES;
				CLANG_WARN_ENUM_CONVERSION = YES;
				CLANG_WARN_INFINITE_RECURSION = YES;
				CLANG_WARN_INT_CONVERSION = YES;
				CLANG_WARN_NON_LITERAL_NULL_CONVERSION = YES;
				CLANG_WARN_OBJC_IMPLICIT_RETAIN_SELF = YES;
				CLANG_WARN_OBJC_LITERAL_CONVERSION = YES;
				CLANG_WARN_OBJC_ROOT_CLASS = YES_ERROR;
				CLANG_WARN_RANGE_LOOP_ANALYSIS = YES;
				CLANG_WARN_STRICT_PROTOTYPES = YES;
				CLANG_WARN_SUSPICIOUS_MOVE = YES;
				CLANG_WARN_UNGUARDED_AVAILABILITY = YES_AGGRESSIVE;
				CLANG_WARN_UNREACHABLE_CODE = YES;
				CLANG_WARN__DUPLICATE_METHOD_MATCH = YES;
				COPY_PHASE_STRIP = NO;
				DEBUG_INFORMATION_FORMAT = dwarf;
				ENABLE_STRICT_OBJC_MSGSEND = YES;
				ENABLE_TESTABILITY = YES;
				GCC_C_LANGUAGE_STANDARD = gnu11;
				GCC_DYNAMIC_NO_PIC = NO;
				GCC_NO_COMMON_BLOCKS = YES;
				GCC_OPTIMIZATION_LEVEL = 0;
				GCC_PREPROCESSOR_DEFINITIONS = (
					"DEBUG=1",
					"$(inherited)",
				);
				GCC_WARN_64_TO_32_BIT_CONVERSION = YES;
				GCC_WARN_ABOUT_RETURN_TYPE = YES_ERROR;
				GCC_WARN_UNDECLARED_SELECTOR = YES;
				GCC_WARN_UNINITIALIZED_AUTOS = YES_AGGRESSIVE;
				GCC_WARN_UNUSED_FUNCTION = YES;
				GCC_WARN_UNUSED_VARIABLE = YES;
				IPHONEOS_DEPLOYMENT_TARGET = 13.2;
				MTL_ENABLE_DEBUG_INFO = INCLUDE_SOURCE;
				MTL_FAST_MATH = YES;
				ONLY_ACTIVE_ARCH = YES;
				SDKROOT = iphoneos;
				SWIFT_ACTIVE_COMPILATION_CONDITIONS = DEBUG;
				SWIFT_OPTIMIZATION_LEVEL = "-Onone";
			};
			name = Debug;
		};
		86ABE8D92558506100F127B2 /* Release */ = {
			isa = XCBuildConfiguration;
			buildSettings = {
				ALWAYS_SEARCH_USER_PATHS = NO;
				CLANG_ANALYZER_NONNULL = YES;
				CLANG_ANALYZER_NUMBER_OBJECT_CONVERSION = YES_AGGRESSIVE;
				CLANG_CXX_LANGUAGE_STANDARD = "gnu++14";
				CLANG_CXX_LIBRARY = "libc++";
				CLANG_ENABLE_MODULES = YES;
				CLANG_ENABLE_OBJC_ARC = YES;
				CLANG_ENABLE_OBJC_WEAK = YES;
				CLANG_WARN_BLOCK_CAPTURE_AUTORELEASING = YES;
				CLANG_WARN_BOOL_CONVERSION = YES;
				CLANG_WARN_COMMA = YES;
				CLANG_WARN_CONSTANT_CONVERSION = YES;
				CLANG_WARN_DEPRECATED_OBJC_IMPLEMENTATIONS = YES;
				CLANG_WARN_DIRECT_OBJC_ISA_USAGE = YES_ERROR;
				CLANG_WARN_DOCUMENTATION_COMMENTS = YES;
				CLANG_WARN_EMPTY_BODY = YES;
				CLANG_WARN_ENUM_CONVERSION = YES;
				CLANG_WARN_INFINITE_RECURSION = YES;
				CLANG_WARN_INT_CONVERSION = YES;
				CLANG_WARN_NON_LITERAL_NULL_CONVERSION = YES;
				CLANG_WARN_OBJC_IMPLICIT_RETAIN_SELF = YES;
				CLANG_WARN_OBJC_LITERAL_CONVERSION = YES;
				CLANG_WARN_OBJC_ROOT_CLASS = YES_ERROR;
				CLANG_WARN_RANGE_LOOP_ANALYSIS = YES;
				CLANG_WARN_STRICT_PROTOTYPES = YES;
				CLANG_WARN_SUSPICIOUS_MOVE = YES;
				CLANG_WARN_UNGUARDED_AVAILABILITY = YES_AGGRESSIVE;
				CLANG_WARN_UNREACHABLE_CODE = YES;
				CLANG_WARN__DUPLICATE_METHOD_MATCH = YES;
				COPY_PHASE_STRIP = NO;
				DEBUG_INFORMATION_FORMAT = "dwarf-with-dsym";
				ENABLE_NS_ASSERTIONS = NO;
				ENABLE_STRICT_OBJC_MSGSEND = YES;
				GCC_C_LANGUAGE_STANDARD = gnu11;
				GCC_NO_COMMON_BLOCKS = YES;
				GCC_WARN_64_TO_32_BIT_CONVERSION = YES;
				GCC_WARN_ABOUT_RETURN_TYPE = YES_ERROR;
				GCC_WARN_UNDECLARED_SELECTOR = YES;
				GCC_WARN_UNINITIALIZED_AUTOS = YES_AGGRESSIVE;
				GCC_WARN_UNUSED_FUNCTION = YES;
				GCC_WARN_UNUSED_VARIABLE = YES;
				IPHONEOS_DEPLOYMENT_TARGET = 13.2;
				MTL_ENABLE_DEBUG_INFO = NO;
				MTL_FAST_MATH = YES;
				SDKROOT = iphoneos;
				SWIFT_COMPILATION_MODE = wholemodule;
				SWIFT_OPTIMIZATION_LEVEL = "-O";
				VALIDATE_PRODUCT = YES;
			};
			name = Release;
		};
		86ABE8DB2558506100F127B2 /* Debug */ = {
			isa = XCBuildConfiguration;
			baseConfigurationReference = DEC28A5760D765810909E15A /* Pods-RetirementCalculator.debug.xcconfig */;
			buildSettings = {
				ASSETCATALOG_COMPILER_APPICON_NAME = AppIcon;
				CODE_SIGN_STYLE = Automatic;
				DEVELOPMENT_TEAM = D89YARF87V;
				INFOPLIST_FILE = RetirementCalculator/Info.plist;
				LD_RUNPATH_SEARCH_PATHS = (
					"$(inherited)",
					"@executable_path/Frameworks",
				);
				PRODUCT_BUNDLE_IDENTIFIER = IBM.RetirementCalculator;
				PRODUCT_NAME = "$(TARGET_NAME)";
				SWIFT_VERSION = 5.0;
				TARGETED_DEVICE_FAMILY = 1;
			};
			name = Debug;
		};
		86ABE8DC2558506100F127B2 /* Release */ = {
			isa = XCBuildConfiguration;
			baseConfigurationReference = 8D631D7D5A829164C6416ED2 /* Pods-RetirementCalculator.release.xcconfig */;
			buildSettings = {
				ASSETCATALOG_COMPILER_APPICON_NAME = AppIcon;
				CODE_SIGN_STYLE = Automatic;
				DEVELOPMENT_TEAM = D89YARF87V;
				INFOPLIST_FILE = RetirementCalculator/Info.plist;
				LD_RUNPATH_SEARCH_PATHS = (
					"$(inherited)",
					"@executable_path/Frameworks",
				);
				PRODUCT_BUNDLE_IDENTIFIER = IBM.RetirementCalculator;
				PRODUCT_NAME = "$(TARGET_NAME)";
				SWIFT_VERSION = 5.0;
				TARGETED_DEVICE_FAMILY = 1;
			};
			name = Release;
		};
		86ABE8DE2558506100F127B2 /* Debug */ = {
			isa = XCBuildConfiguration;
			baseConfigurationReference = 7E83B59AC3B14E3FFD3395D0 /* Pods-RetirementCalculatorTests.debug.xcconfig */;
			buildSettings = {
				ALWAYS_EMBED_SWIFT_STANDARD_LIBRARIES = YES;
				BUNDLE_LOADER = "$(TEST_HOST)";
				CODE_SIGN_STYLE = Automatic;
				DEVELOPMENT_TEAM = D89YARF87V;
				INFOPLIST_FILE = RetirementCalculatorTests/Info.plist;
				IPHONEOS_DEPLOYMENT_TARGET = 13.2;
				LD_RUNPATH_SEARCH_PATHS = (
					"$(inherited)",
					"@executable_path/Frameworks",
					"@loader_path/Frameworks",
				);
				PRODUCT_BUNDLE_IDENTIFIER = IBM.RetirementCalculatorTests;
				PRODUCT_NAME = "$(TARGET_NAME)";
				SWIFT_VERSION = 5.0;
				TARGETED_DEVICE_FAMILY = "1,2";
				TEST_HOST = "$(BUILT_PRODUCTS_DIR)/RetirementCalculator.app/RetirementCalculator";
			};
			name = Debug;
		};
		86ABE8DF2558506100F127B2 /* Release */ = {
			isa = XCBuildConfiguration;
			baseConfigurationReference = 4A1DE2B50022189DC6F461B9 /* Pods-RetirementCalculatorTests.release.xcconfig */;
			buildSettings = {
				ALWAYS_EMBED_SWIFT_STANDARD_LIBRARIES = YES;
				BUNDLE_LOADER = "$(TEST_HOST)";
				CODE_SIGN_STYLE = Automatic;
				DEVELOPMENT_TEAM = D89YARF87V;
				INFOPLIST_FILE = RetirementCalculatorTests/Info.plist;
				IPHONEOS_DEPLOYMENT_TARGET = 13.2;
				LD_RUNPATH_SEARCH_PATHS = (
					"$(inherited)",
					"@executable_path/Frameworks",
					"@loader_path/Frameworks",
				);
				PRODUCT_BUNDLE_IDENTIFIER = IBM.RetirementCalculatorTests;
				PRODUCT_NAME = "$(TARGET_NAME)";
				SWIFT_VERSION = 5.0;
				TARGETED_DEVICE_FAMILY = "1,2";
				TEST_HOST = "$(BUILT_PRODUCTS_DIR)/RetirementCalculator.app/RetirementCalculator";
			};
			name = Release;
		};
		86ABE8E12558506100F127B2 /* Debug */ = {
			isa = XCBuildConfiguration;
			baseConfigurationReference = 359A3474E30B963980670DB1 /* Pods-RetirementCalculator-RetirementCalculatorUITests.debug.xcconfig */;
			buildSettings = {
				ALWAYS_EMBED_SWIFT_STANDARD_LIBRARIES = YES;
				CODE_SIGN_STYLE = Automatic;
				DEVELOPMENT_TEAM = D89YARF87V;
				INFOPLIST_FILE = RetirementCalculatorUITests/Info.plist;
				LD_RUNPATH_SEARCH_PATHS = (
					"$(inherited)",
					"@executable_path/Frameworks",
					"@loader_path/Frameworks",
				);
				PRODUCT_BUNDLE_IDENTIFIER = IBM.RetirementCalculatorUITests;
				PRODUCT_NAME = "$(TARGET_NAME)";
				SWIFT_VERSION = 5.0;
				TARGETED_DEVICE_FAMILY = "1,2";
				TEST_TARGET_NAME = RetirementCalculator;
			};
			name = Debug;
		};
		86ABE8E22558506100F127B2 /* Release */ = {
			isa = XCBuildConfiguration;
			baseConfigurationReference = E313F50163088BF6E1A49E30 /* Pods-RetirementCalculator-RetirementCalculatorUITests.release.xcconfig */;
			buildSettings = {
				ALWAYS_EMBED_SWIFT_STANDARD_LIBRARIES = YES;
				CODE_SIGN_STYLE = Automatic;
				DEVELOPMENT_TEAM = D89YARF87V;
				INFOPLIST_FILE = RetirementCalculatorUITests/Info.plist;
				LD_RUNPATH_SEARCH_PATHS = (
					"$(inherited)",
					"@executable_path/Frameworks",
					"@loader_path/Frameworks",
				);
				PRODUCT_BUNDLE_IDENTIFIER = IBM.RetirementCalculatorUITests;
				PRODUCT_NAME = "$(TARGET_NAME)";
				SWIFT_VERSION = 5.0;
				TARGETED_DEVICE_FAMILY = "1,2";
				TEST_TARGET_NAME = RetirementCalculator;
			};
			name = Release;
		};
/* End XCBuildConfiguration section */

/* Begin XCConfigurationList section */
		86ABE8AB2558505D00F127B2 /* Build configuration list for PBXProject "RetirementCalculator" */ = {
			isa = XCConfigurationList;
			buildConfigurations = (
				86ABE8D82558506100F127B2 /* Debug */,
				86ABE8D92558506100F127B2 /* Release */,
			);
			defaultConfigurationIsVisible = 0;
			defaultConfigurationName = Release;
		};
		86ABE8DA2558506100F127B2 /* Build configuration list for PBXNativeTarget "RetirementCalculator" */ = {
			isa = XCConfigurationList;
			buildConfigurations = (
				86ABE8DB2558506100F127B2 /* Debug */,
				86ABE8DC2558506100F127B2 /* Release */,
			);
			defaultConfigurationIsVisible = 0;
			defaultConfigurationName = Release;
		};
		86ABE8DD2558506100F127B2 /* Build configuration list for PBXNativeTarget "RetirementCalculatorTests" */ = {
			isa = XCConfigurationList;
			buildConfigurations = (
				86ABE8DE2558506100F127B2 /* Debug */,
				86ABE8DF2558506100F127B2 /* Release */,
			);
			defaultConfigurationIsVisible = 0;
			defaultConfigurationName = Release;
		};
		86ABE8E02558506100F127B2 /* Build configuration list for PBXNativeTarget "RetirementCalculatorUITests" */ = {
			isa = XCConfigurationList;
			buildConfigurations = (
				86ABE8E12558506100F127B2 /* Debug */,
				86ABE8E22558506100F127B2 /* Release */,
			);
			defaultConfigurationIsVisible = 0;
			defaultConfigurationName = Release;
		};
/* End XCConfigurationList section */
	};
	rootObject = 86ABE8A82558505D00F127B2 /* Project object */;
}
